
Microsoft Visual Studio Solution File, Format Version 12.00
# Visual Studio 15
VisualStudioVersion = 15.0.26730.12
MinimumVisualStudioVersion = 10.0.40219.1
Project("{FAE04EC0-301F-11D3-BF4B-00C04F79EFBC}") = "Dictionary", "Dictionary\Dictionary.csproj", "{B5F13876-64C5-4381-A580-62247F7761A3}"
EndProject
Global
	GlobalSection(SolutionConfigurationPlatforms) = preSolution
		Debug|Any CPU = Debug|Any CPU
		Release|Any CPU = Release|Any CPU
	EndGlobalSection
	GlobalSection(ProjectConfigurationPlatforms) = postSolution
		{B5F13876-64C5-4381-A580-62247F7761A3}.Debug|Any CPU.ActiveCfg = Debug|Any CPU
		{B5F13876-64C5-4381-A580-62247F7761A3}.Debug|Any CPU.Build.0 = Debug|Any CPU
		{B5F13876-64C5-4381-A580-62247F7761A3}.Release|Any CPU.ActiveCfg = Release|Any CPU
		{B5F13876-64C5-4381-A580-62247F7761A3}.Release|Any CPU.Build.0 = Release|Any CPU
	EndGlobalSection
	GlobalSection(SolutionProperties) = preSolution
		HideSolutionNode = FALSE
	EndGlobalSection
	GlobalSection(ExtensibilityGlobals) = postSolution
		SolutionGuid = {D79F6ED6-E6ED-4A40-A42B-04D6242FD6C1}
	EndGlobalSection
EndGlobal
